{
  "name": "sora-directory",
  "version": "1.0.0",
  "lockfileVersion": 3,
  "requires": true,
  "packages": {
    "": {
      "name": "sora-directory",
      "version": "1.0.0",
      "license": "MIT",
      "dependencies": {
        "dompurify": "^3.0.6",
        "marked": "^11.1.1",
        "turndown": "^7.1.3",
        "turndown-plugin-gfm": "^1.0.2"
      },
      "devDependencies": {}
    },
    "node_modules/@mixmark-io/domino": {
      "version": "2.2.0",
      "resolved": "https://registry.npmjs.org/@mixmark-io/domino/-/domino-2.2.0.tgz",
      "integrity": "sha512-Y28PR25bHXUg88kCV7nivXrP2Nj2RueZ3/l/jdx6J9f8J4nsEGcgX0Qe6lt7Pa+J79+kPiJU3LguR6O/6zrLOw==",
      "license": "BSD-2-Clause"
    },
    "node_modules/@types/trusted-types": {
      "version": "2.0.7",
      "resolved": "https://registry.npmjs.org/@types/trusted-types/-/trusted-types-2.0.7.tgz",
      "integrity": "sha512-ScaPdn1dQczgbl0QFTeTOmVHFULt394XJgOQNoyVhZ6r2vLnMLJfBPd53SB52T/3G36VI1/g2MZaX0cwDuXsfw==",
      "license": "MIT",
      "optional": true
    },
    "node_modules/dompurify": {
      "version": "3.3.0",
      "resolved": "https://registry.npmjs.org/dompurify/-/dompurify-3.3.0.tgz",
      "integrity": "sha512-r+f6MYR1gGN1eJv0TVQbhA7if/U7P87cdPl3HN5rikqaBSBxLiCb/b9O+2eG0cxz0ghyU+mU1QkbsOwERMYlWQ==",
      "license": "(MPL-2.0 OR Apache-2.0)",
      "optionalDependencies": {
        "@types/trusted-types": "^2.0.7"
      }
    },
    "node_modules/marked": {
      "version": "11.2.0",
      "resolved": "https://registry.npmjs.org/marked/-/marked-11.2.0.tgz",
      "integrity": "sha512-HR0m3bvu0jAPYiIvLUUQtdg1g6D247//lvcekpHO1WMvbwDlwSkZAX9Lw4F4YHE1T0HaaNve0tuAWuV1UJ6vtw==",
      "license": "MIT",
      "bin": {
        "marked": "bin/marked.js"
      },
      "engines": {
        "node": ">= 18"
      }
    },
    "node_modules/turndown": {
      "version": "7.2.2",
      "resolved": "https://registry.npmjs.org/turndown/-/turndown-7.2.2.tgz",
      "integrity": "sha512-1F7db8BiExOKxjSMU2b7if62D/XOyQyZbPKq/nUwopfgnHlqXHqQ0lvfUTeUIr1lZJzOPFn43dODyMSIfvWRKQ==",
      "license": "MIT",
      "dependencies": {
        "@mixmark-io/domino": "^2.2.0"
      }
    },
    "node_modules/turndown-plugin-gfm": {
      "version": "1.0.2",
      "resolved": "https://registry.npmjs.org/turndown-plugin-gfm/-/turndown-plugin-gfm-1.0.2.tgz",
      "integrity": "sha512-vwz9tfvF7XN/jE0dGoBei3FXWuvll78ohzCZQuOb+ZjWrs3a0XhQVomJEb2Qh4VHTPNRO4GPZh0V7VRbiWwkRg==",
      "license": "MIT"
    }
  }
}
